
Microsoft Visual Studio Solution File, Format Version 12.00
# Visual Studio Version 17
VisualStudioVersion = 17.4.33205.214
MinimumVisualStudioVersion = 10.0.40219.1
Project("{9A19103F-16F7-4668-BE54-9A1E7A4F7556}") = "ProyectoFinal", "ProyectoFinal\ProyectoFinal.csproj", "{E9067701-6266-4B1C-B424-503577126F24}"
EndProject
Project("{2150E333-8FDC-42A3-9474-1A3956D46DE8}") = "CineNet.MVC", "CineNet.MVC", "{214E970D-A2B3-412A-AFA3-828F1C840427}"
EndProject
Project("{2150E333-8FDC-42A3-9474-1A3956D46DE8}") = "CineNet.API", "CineNet.API", "{564305A4-B33A-45AD-9F2F-F2E2E95D18AE}"
EndProject
Project("{9A19103F-16F7-4668-BE54-9A1E7A4F7556}") = "CineNet.Aplication", "CineNet.Aplication\CineNet.Aplication.csproj", "{E4662FE1-7044-4A1B-B9C3-1B4E5F6E177B}"
EndProject
Project("{9A19103F-16F7-4668-BE54-9A1E7A4F7556}") = "CineNet.Domain", "CineNet.Domain\CineNet.Domain.csproj", "{51A3ACE6-D3D1-40B0-873E-DE1375FCFCBD}"
EndProject
Project("{9A19103F-16F7-4668-BE54-9A1E7A4F7556}") = "CineNet.Infraestructure", "CineNet.Infraestructure\CineNet.Infraestructure.csproj", "{3664C0B3-EA81-44BA-9748-F187C0938F12}"
EndProject
Project("{9A19103F-16F7-4668-BE54-9A1E7A4F7556}") = "API", "API\API.csproj", "{0E787344-4538-4A3F-A379-CC544631793F}"
EndProject
Project("{9A19103F-16F7-4668-BE54-9A1E7A4F7556}") = "ProyectoFinal.DTO", "ProyectoFinal.DTO\ProyectoFinal.DTO.csproj", "{2B26BBD5-4C83-438F-BE32-7C0CB7C9038A}"
EndProject
Project("{9A19103F-16F7-4668-BE54-9A1E7A4F7556}") = "ProyectoFinal.Data", "ProyectoFinal.Data\ProyectoFinal.Data.csproj", "{C12D9A1F-62BE-41FF-AA87-C84DABEF8A14}"
EndProject
Project("{9A19103F-16F7-4668-BE54-9A1E7A4F7556}") = "ProyectoFinal.Services", "ProyectoFinal.Services\ProyectoFinal.Services.csproj", "{CF3B994F-8615-42CE-B061-307E232BDAF6}"
EndProject
Project("{9A19103F-16F7-4668-BE54-9A1E7A4F7556}") = "ProyectoFinal.ServicesContracts", "ProyectoFinal.ServicesContracts\ProyectoFinal.ServicesContracts.csproj", "{681F0479-7A09-4815-BF03-D298E22AA3D2}"
EndProject
Global
	GlobalSection(SolutionConfigurationPlatforms) = preSolution
		Debug|Any CPU = Debug|Any CPU
		Release|Any CPU = Release|Any CPU
	EndGlobalSection
	GlobalSection(ProjectConfigurationPlatforms) = postSolution
		{E9067701-6266-4B1C-B424-503577126F24}.Debug|Any CPU.ActiveCfg = Debug|Any CPU
		{E9067701-6266-4B1C-B424-503577126F24}.Debug|Any CPU.Build.0 = Debug|Any CPU
		{E9067701-6266-4B1C-B424-503577126F24}.Release|Any CPU.ActiveCfg = Release|Any CPU
		{E9067701-6266-4B1C-B424-503577126F24}.Release|Any CPU.Build.0 = Release|Any CPU
		{E4662FE1-7044-4A1B-B9C3-1B4E5F6E177B}.Debug|Any CPU.ActiveCfg = Debug|Any CPU
		{E4662FE1-7044-4A1B-B9C3-1B4E5F6E177B}.Debug|Any CPU.Build.0 = Debug|Any CPU
		{E4662FE1-7044-4A1B-B9C3-1B4E5F6E177B}.Release|Any CPU.ActiveCfg = Release|Any CPU
		{E4662FE1-7044-4A1B-B9C3-1B4E5F6E177B}.Release|Any CPU.Build.0 = Release|Any CPU
		{51A3ACE6-D3D1-40B0-873E-DE1375FCFCBD}.Debug|Any CPU.ActiveCfg = Debug|Any CPU
		{51A3ACE6-D3D1-40B0-873E-DE1375FCFCBD}.Debug|Any CPU.Build.0 = Debug|Any CPU
		{51A3ACE6-D3D1-40B0-873E-DE1375FCFCBD}.Release|Any CPU.ActiveCfg = Release|Any CPU
		{51A3ACE6-D3D1-40B0-873E-DE1375FCFCBD}.Release|Any CPU.Build.0 = Release|Any CPU
		{3664C0B3-EA81-44BA-9748-F187C0938F12}.Debug|Any CPU.ActiveCfg = Debug|Any CPU
		{3664C0B3-EA81-44BA-9748-F187C0938F12}.Debug|Any CPU.Build.0 = Debug|Any CPU
		{3664C0B3-EA81-44BA-9748-F187C0938F12}.Release|Any CPU.ActiveCfg = Release|Any CPU
		{3664C0B3-EA81-44BA-9748-F187C0938F12}.Release|Any CPU.Build.0 = Release|Any CPU
		{0E787344-4538-4A3F-A379-CC544631793F}.Debug|Any CPU.ActiveCfg = Debug|Any CPU
		{0E787344-4538-4A3F-A379-CC544631793F}.Debug|Any CPU.Build.0 = Debug|Any CPU
		{0E787344-4538-4A3F-A379-CC544631793F}.Release|Any CPU.ActiveCfg = Release|Any CPU
		{0E787344-4538-4A3F-A379-CC544631793F}.Release|Any CPU.Build.0 = Release|Any CPU
		{2B26BBD5-4C83-438F-BE32-7C0CB7C9038A}.Debug|Any CPU.ActiveCfg = Debug|Any CPU
		{2B26BBD5-4C83-438F-BE32-7C0CB7C9038A}.Debug|Any CPU.Build.0 = Debug|Any CPU
		{2B26BBD5-4C83-438F-BE32-7C0CB7C9038A}.Release|Any CPU.ActiveCfg = Release|Any CPU
		{2B26BBD5-4C83-438F-BE32-7C0CB7C9038A}.Release|Any CPU.Build.0 = Release|Any CPU
		{C12D9A1F-62BE-41FF-AA87-C84DABEF8A14}.Debug|Any CPU.ActiveCfg = Debug|Any CPU
		{C12D9A1F-62BE-41FF-AA87-C84DABEF8A14}.Debug|Any CPU.Build.0 = Debug|Any CPU
		{C12D9A1F-62BE-41FF-AA87-C84DABEF8A14}.Release|Any CPU.ActiveCfg = Release|Any CPU
		{C12D9A1F-62BE-41FF-AA87-C84DABEF8A14}.Release|Any CPU.Build.0 = Release|Any CPU
		{CF3B994F-8615-42CE-B061-307E232BDAF6}.Debug|Any CPU.ActiveCfg = Debug|Any CPU
		{CF3B994F-8615-42CE-B061-307E232BDAF6}.Debug|Any CPU.Build.0 = Debug|Any CPU
		{CF3B994F-8615-42CE-B061-307E232BDAF6}.Release|Any CPU.ActiveCfg = Release|Any CPU
		{CF3B994F-8615-42CE-B061-307E232BDAF6}.Release|Any CPU.Build.0 = Release|Any CPU
		{681F0479-7A09-4815-BF03-D298E22AA3D2}.Debug|Any CPU.ActiveCfg = Debug|Any CPU
		{681F0479-7A09-4815-BF03-D298E22AA3D2}.Debug|Any CPU.Build.0 = Debug|Any CPU
		{681F0479-7A09-4815-BF03-D298E22AA3D2}.Release|Any CPU.ActiveCfg = Release|Any CPU
		{681F0479-7A09-4815-BF03-D298E22AA3D2}.Release|Any CPU.Build.0 = Release|Any CPU
	EndGlobalSection
	GlobalSection(SolutionProperties) = preSolution
		HideSolutionNode = FALSE
	EndGlobalSection
	GlobalSection(NestedProjects) = preSolution
		{E9067701-6266-4B1C-B424-503577126F24} = {214E970D-A2B3-412A-AFA3-828F1C840427}
		{E4662FE1-7044-4A1B-B9C3-1B4E5F6E177B} = {564305A4-B33A-45AD-9F2F-F2E2E95D18AE}
		{51A3ACE6-D3D1-40B0-873E-DE1375FCFCBD} = {564305A4-B33A-45AD-9F2F-F2E2E95D18AE}
		{3664C0B3-EA81-44BA-9748-F187C0938F12} = {564305A4-B33A-45AD-9F2F-F2E2E95D18AE}
		{0E787344-4538-4A3F-A379-CC544631793F} = {564305A4-B33A-45AD-9F2F-F2E2E95D18AE}
		{2B26BBD5-4C83-438F-BE32-7C0CB7C9038A} = {214E970D-A2B3-412A-AFA3-828F1C840427}
		{C12D9A1F-62BE-41FF-AA87-C84DABEF8A14} = {214E970D-A2B3-412A-AFA3-828F1C840427}
		{CF3B994F-8615-42CE-B061-307E232BDAF6} = {214E970D-A2B3-412A-AFA3-828F1C840427}
		{681F0479-7A09-4815-BF03-D298E22AA3D2} = {214E970D-A2B3-412A-AFA3-828F1C840427}
	EndGlobalSection
	GlobalSection(ExtensibilityGlobals) = postSolution
		SolutionGuid = {E5D465AA-AABC-47B2-8B93-17EA6B1CFAEB}
	EndGlobalSection
EndGlobal
